
Microsoft Visual Studio Solution File, Format Version 12.00
# Visual Studio Version 17
VisualStudioVersion = 17.7.34221.43
MinimumVisualStudioVersion = 10.0.40219.1
Project("{FAE04EC0-301F-11D3-BF4B-00C04F79EFBC}") = "google_calendar_events app", "google_calendar_events app.csproj", "{4FD1082B-B649-4542-9D53-0577FA90E985}"
EndProject
Global
	GlobalSection(SolutionConfigurationPlatforms) = preSolution
		Debug|Any CPU = Debug|Any CPU
		Release|Any CPU = Release|Any CPU
	EndGlobalSection
	GlobalSection(ProjectConfigurationPlatforms) = postSolution
		{4FD1082B-B649-4542-9D53-0577FA90E985}.Debug|Any CPU.ActiveCfg = Debug|Any CPU
		{4FD1082B-B649-4542-9D53-0577FA90E985}.Debug|Any CPU.Build.0 = Debug|Any CPU
		{4FD1082B-B649-4542-9D53-0577FA90E985}.Release|Any CPU.ActiveCfg = Release|Any CPU
		{4FD1082B-B649-4542-9D53-0577FA90E985}.Release|Any CPU.Build.0 = Release|Any CPU
	EndGlobalSection
	GlobalSection(SolutionProperties) = preSolution
		HideSolutionNode = FALSE
	EndGlobalSection
	GlobalSection(ExtensibilityGlobals) = postSolution
		SolutionGuid = {2D7C6F24-F85B-4279-8347-6CF5B682A635}
	EndGlobalSection
EndGlobal
